
Microsoft Visual Studio Solution File, Format Version 12.00
# Visual Studio 14
VisualStudioVersion = 14.0.25123.0
MinimumVisualStudioVersion = 10.0.40219.1
Project("{FAE04EC0-301F-11D3-BF4B-00C04F79EFBC}") = "AlgoKit", "AlgoKit\AlgoKit.csproj", "{FD917656-7CBB-4644-9AFE-79A8A704C7A5}"
EndProject
Project("{FAE04EC0-301F-11D3-BF4B-00C04F79EFBC}") = "AlgoKit.Test", "AlgoKit.Test\AlgoKit.Test.csproj", "{2061A526-FBB8-43D2-A9C1-DBAAA9D20C55}"
EndProject
Project("{FAE04EC0-301F-11D3-BF4B-00C04F79EFBC}") = "AlgoKit.TestConsole", "AlgoKit.TestConsole\AlgoKit.TestConsole.csproj", "{F67D2430-2C72-4962-BA9C-B4F1C4F98EC1}"
EndProject
Global
	GlobalSection(SolutionConfigurationPlatforms) = preSolution
		Debug|Any CPU = Debug|Any CPU
		Release|Any CPU = Release|Any CPU
	EndGlobalSection
	GlobalSection(ProjectConfigurationPlatforms) = postSolution
		{FD917656-7CBB-4644-9AFE-79A8A704C7A5}.Debug|Any CPU.ActiveCfg = Debug|Any CPU
		{FD917656-7CBB-4644-9AFE-79A8A704C7A5}.Debug|Any CPU.Build.0 = Debug|Any CPU
		{FD917656-7CBB-4644-9AFE-79A8A704C7A5}.Release|Any CPU.ActiveCfg = Release|Any CPU
		{FD917656-7CBB-4644-9AFE-79A8A704C7A5}.Release|Any CPU.Build.0 = Release|Any CPU
		{2061A526-FBB8-43D2-A9C1-DBAAA9D20C55}.Debug|Any CPU.ActiveCfg = Debug|Any CPU
		{2061A526-FBB8-43D2-A9C1-DBAAA9D20C55}.Debug|Any CPU.Build.0 = Debug|Any CPU
		{2061A526-FBB8-43D2-A9C1-DBAAA9D20C55}.Release|Any CPU.ActiveCfg = Release|Any CPU
		{2061A526-FBB8-43D2-A9C1-DBAAA9D20C55}.Release|Any CPU.Build.0 = Release|Any CPU
		{F67D2430-2C72-4962-BA9C-B4F1C4F98EC1}.Debug|Any CPU.ActiveCfg = Debug|Any CPU
		{F67D2430-2C72-4962-BA9C-B4F1C4F98EC1}.Debug|Any CPU.Build.0 = Debug|Any CPU
		{F67D2430-2C72-4962-BA9C-B4F1C4F98EC1}.Release|Any CPU.ActiveCfg = Release|Any CPU
		{F67D2430-2C72-4962-BA9C-B4F1C4F98EC1}.Release|Any CPU.Build.0 = Release|Any CPU
	EndGlobalSection
	GlobalSection(SolutionProperties) = preSolution
		HideSolutionNode = FALSE
	EndGlobalSection
EndGlobal
