
Microsoft Visual Studio Solution File, Format Version 12.00
# Visual Studio 15
VisualStudioVersion = 15.0.26124.0
MinimumVisualStudioVersion = 15.0.26124.0
Project("{FAE04EC0-301F-11D3-BF4B-00C04F79EFBC}") = "AlgoKit", "AlgoKit\AlgoKit.csproj", "{92D609F5-76E8-4F7E-8E39-3AFC1812464A}"
EndProject
Project("{FAE04EC0-301F-11D3-BF4B-00C04F79EFBC}") = "AlgoKit.Test", "AlgoKit.Test\AlgoKit.Test.csproj", "{02C4A8AB-596D-4C88-8FA6-9F80465A200A}"
EndProject
Global
	GlobalSection(SolutionConfigurationPlatforms) = preSolution
		Debug|Any CPU = Debug|Any CPU
		Debug|x64 = Debug|x64
		Debug|x86 = Debug|x86
		Release|Any CPU = Release|Any CPU
		Release|x64 = Release|x64
		Release|x86 = Release|x86
	EndGlobalSection
	GlobalSection(SolutionProperties) = preSolution
		HideSolutionNode = FALSE
	EndGlobalSection
	GlobalSection(ProjectConfigurationPlatforms) = postSolution
		{92D609F5-76E8-4F7E-8E39-3AFC1812464A}.Debug|Any CPU.ActiveCfg = Debug|Any CPU
		{92D609F5-76E8-4F7E-8E39-3AFC1812464A}.Debug|Any CPU.Build.0 = Debug|Any CPU
		{92D609F5-76E8-4F7E-8E39-3AFC1812464A}.Debug|x64.ActiveCfg = Debug|x64
		{92D609F5-76E8-4F7E-8E39-3AFC1812464A}.Debug|x64.Build.0 = Debug|x64
		{92D609F5-76E8-4F7E-8E39-3AFC1812464A}.Debug|x86.ActiveCfg = Debug|x86
		{92D609F5-76E8-4F7E-8E39-3AFC1812464A}.Debug|x86.Build.0 = Debug|x86
		{92D609F5-76E8-4F7E-8E39-3AFC1812464A}.Release|Any CPU.ActiveCfg = Release|Any CPU
		{92D609F5-76E8-4F7E-8E39-3AFC1812464A}.Release|Any CPU.Build.0 = Release|Any CPU
		{92D609F5-76E8-4F7E-8E39-3AFC1812464A}.Release|x64.ActiveCfg = Release|x64
		{92D609F5-76E8-4F7E-8E39-3AFC1812464A}.Release|x64.Build.0 = Release|x64
		{92D609F5-76E8-4F7E-8E39-3AFC1812464A}.Release|x86.ActiveCfg = Release|x86
		{92D609F5-76E8-4F7E-8E39-3AFC1812464A}.Release|x86.Build.0 = Release|x86
		{02C4A8AB-596D-4C88-8FA6-9F80465A200A}.Debug|Any CPU.ActiveCfg = Debug|Any CPU
		{02C4A8AB-596D-4C88-8FA6-9F80465A200A}.Debug|Any CPU.Build.0 = Debug|Any CPU
		{02C4A8AB-596D-4C88-8FA6-9F80465A200A}.Debug|x64.ActiveCfg = Debug|x64
		{02C4A8AB-596D-4C88-8FA6-9F80465A200A}.Debug|x64.Build.0 = Debug|x64
		{02C4A8AB-596D-4C88-8FA6-9F80465A200A}.Debug|x86.ActiveCfg = Debug|x86
		{02C4A8AB-596D-4C88-8FA6-9F80465A200A}.Debug|x86.Build.0 = Debug|x86
		{02C4A8AB-596D-4C88-8FA6-9F80465A200A}.Release|Any CPU.ActiveCfg = Release|Any CPU
		{02C4A8AB-596D-4C88-8FA6-9F80465A200A}.Release|Any CPU.Build.0 = Release|Any CPU
		{02C4A8AB-596D-4C88-8FA6-9F80465A200A}.Release|x64.ActiveCfg = Release|x64
		{02C4A8AB-596D-4C88-8FA6-9F80465A200A}.Release|x64.Build.0 = Release|x64
		{02C4A8AB-596D-4C88-8FA6-9F80465A200A}.Release|x86.ActiveCfg = Release|x86
		{02C4A8AB-596D-4C88-8FA6-9F80465A200A}.Release|x86.Build.0 = Release|x86
	EndGlobalSection
EndGlobal
